{
  "lockfile_version": "1",
  "packages": {
    "git@2": {
      "last_modified": "2026-06-27T07:37:20Z",
      "resolved": "github:NixOS/nixpkgs/3d46470bb3030020f7e1361f33514854f5bfa86d#git",
      "source": "devbox-search",
      "version": "2.54.0",
      "systems": {
        "aarch64-darwin": {
          "outputs": [
            {
              "name": "out",
              "path": "/nix/store/7p841rdaha0pj23srg7lrwpnlaxyr7gr-git-2.54.0",
              "default": true
            },
            {
              "name": "doc",
              "path": "/nix/store/53n75imxnfbr1nbkll4djg98r9vg1lyw-git-2.54.0-doc"
            }
          ],
          "store_path": "/nix/store/7p841rdaha0pj23srg7lrwpnlaxyr7gr-git-2.54.0"
        },
        "aarch64-linux": {
          "outputs": [
            {
              "name": "out",
              "path": "/nix/store/j76bc0jffq323b6kvrckky5152h0pfdk-git-2.54.0",
              "default": true
            },
            {
              "name": "debug",
              "path": "/nix/store/hi8y2a7kxz94pmnfh3k2gp2mzr57xmqd-git-2.54.0-debug"
            },
            {
              "name": "doc",
              "path": "/nix/store/ms4bxp0svz53yzxqwfzp5lwp22v11m7d-git-2.54.0-doc"
            }
          ],
          "store_path": "/nix/store/j76bc0jffq323b6kvrckky5152h0pfdk-git-2.54.0"
        },
        "x86_64-darwin": {
          "outputs": [
            {
              "name": "out",
              "path": "/nix/store/x671lak90qvcxgc5irp4xv5zdbaym2yr-git-2.54.0",
              "default": true
            },
            {
              "name": "doc",
              "path": "/nix/store/zakmjh312hmg2yslsyqmnw8lb8dgmyyk-git-2.54.0-doc"
            }
          ],
          "store_path": "/nix/store/x671lak90qvcxgc5irp4xv5zdbaym2yr-git-2.54.0"
        },
        "x86_64-linux": {
          "outputs": [
            {
              "name": "out",
              "path": "/nix/store/k3wl6cg7q50zkx47af3msmg1yrg1f203-git-2.54.0",
              "default": true
            },
            {
              "name": "doc",
              "path": "/nix/store/9a0f1mfx8n1b8y64qx9999pq70j48ms6-git-2.54.0-doc"
            },
            {
              "name": "debug",
              "path": "/nix/store/7bjwn43x9gcaf249d8l651083ri033dy-git-2.54.0-debug"
            }
          ],
          "store_path": "/nix/store/k3wl6cg7q50zkx47af3msmg1yrg1f203-git-2.54.0"
        }
      }
    },
    "github:NixOS/nixpkgs/nixpkgs-unstable": {
      "last_modified": "2026-07-09T13:48:05Z",
      "resolved": "github:NixOS/nixpkgs/767b0d3ec98a143ad9ed7dfc0d5553510ac27133?lastModified=1783604885&narHash=sha256-tzMgSkV7kljEkqIjlgV6F%2Bn%2BxD%2B%2Fa35Db8bs7a4BFAo%3D"
    },
    "nodejs@22": {
      "last_modified": "2026-06-27T07:37:20Z",
      "plugin_version": "0.0.4",
      "resolved": "github:NixOS/nixpkgs/3d46470bb3030020f7e1361f33514854f5bfa86d#nodejs_22",
      "source": "devbox-search",
      "version": "22.23.1",
      "systems": {
        "aarch64-darwin": {
          "outputs": [
            {
              "name": "out",
              "path": "/nix/store/smz0kkakhq96h1ipimiab6cf1yw4nn7n-nodejs-22.23.1",
              "default": true
            }
          ],
          "store_path": "/nix/store/smz0kkakhq96h1ipimiab6cf1yw4nn7n-nodejs-22.23.1"
        },
        "aarch64-linux": {
          "outputs": [
            {
              "name": "out",
              "path": "/nix/store/26r12fb2ywx1q5f9paf1sjibsajz1q99-nodejs-22.23.1",
              "default": true
            }
          ],
          "store_path": "/nix/store/26r12fb2ywx1q5f9paf1sjibsajz1q99-nodejs-22.23.1"
        },
        "x86_64-darwin": {
          "outputs": [
            {
              "name": "out",
              "path": "/nix/store/l1yfdvdrz1vl6f3wsyjglxgsk6r29rkn-nodejs-22.23.1",
              "default": true
            }
          ],
          "store_path": "/nix/store/l1yfdvdrz1vl6f3wsyjglxgsk6r29rkn-nodejs-22.23.1"
        },
        "x86_64-linux": {
          "outputs": [
            {
              "name": "out",
              "path": "/nix/store/znxrv89969njb8fxyyn8rz4ygmmcjpw9-nodejs-22.23.1",
              "default": true
            }
          ],
          "store_path": "/nix/store/znxrv89969njb8fxyyn8rz4ygmmcjpw9-nodejs-22.23.1"
        }
      }
    },
    "php85Packages.composer@2": {
      "last_modified": "2026-07-03T16:41:56Z",
      "resolved": "github:NixOS/nixpkgs/0c190cd98e1f30cdbeff0ca149b2b17564a4a30e#php85Packages.composer",
      "source": "devbox-search",
      "version": "2.10.2",
      "systems": {
        "aarch64-darwin": {
          "outputs": [
            {
              "name": "out",
              "path": "/nix/store/mx3bnzqi1ci8acmx7yl0f4qvdiyp12w9-composer-2.10.2",
              "default": true
            }
          ],
          "store_path": "/nix/store/mx3bnzqi1ci8acmx7yl0f4qvdiyp12w9-composer-2.10.2"
        },
        "aarch64-linux": {
          "outputs": [
            {
              "name": "out",
              "path": "/nix/store/hd0vwaa5qjrrl0gqi9w3vcavkridsyqy-composer-2.10.2",
              "default": true
            }
          ],
          "store_path": "/nix/store/hd0vwaa5qjrrl0gqi9w3vcavkridsyqy-composer-2.10.2"
        },
        "x86_64-darwin": {
          "outputs": [
            {
              "name": "out",
              "path": "/nix/store/l4570vpndgc3cni5n16zwqvvrlphvkln-composer-2.10.2",
              "default": true
            }
          ],
          "store_path": "/nix/store/l4570vpndgc3cni5n16zwqvvrlphvkln-composer-2.10.2"
        },
        "x86_64-linux": {
          "outputs": [
            {
              "name": "out",
              "path": "/nix/store/y0qj9mfa0mdqzmaxrr4hih0s2rndkm6r-composer-2.10.2",
              "default": true
            }
          ],
          "store_path": "/nix/store/y0qj9mfa0mdqzmaxrr4hih0s2rndkm6r-composer-2.10.2"
        }
      }
    },
    "php@8.5": {
      "last_modified": "2026-06-27T07:37:20Z",
      "plugin_version": "0.0.3",
      "resolved": "github:NixOS/nixpkgs/3d46470bb3030020f7e1361f33514854f5bfa86d#php85",
      "source": "devbox-search",
      "version": "8.5.7",
      "systems": {
        "aarch64-darwin": {
          "outputs": [
            {
              "name": "out",
              "path": "/nix/store/qqdk23ji507bwdb8grsv5wdqm876915z-php-with-extensions-8.5.7",
              "default": true
            }
          ],
          "store_path": "/nix/store/qqdk23ji507bwdb8grsv5wdqm876915z-php-with-extensions-8.5.7"
        },
        "aarch64-linux": {
          "outputs": [
            {
              "name": "out",
              "path": "/nix/store/8g6y0gmcwd4xs71lwqrxz0k89bk2xwxj-php-with-extensions-8.5.7",
              "default": true
            }
          ],
          "store_path": "/nix/store/8g6y0gmcwd4xs71lwqrxz0k89bk2xwxj-php-with-extensions-8.5.7"
        },
        "x86_64-darwin": {
          "outputs": [
            {
              "name": "out",
              "path": "/nix/store/n98jxcs2cnj8flqzggg7b2vk9wnp1wpf-php-with-extensions-8.5.7",
              "default": true
            }
          ],
          "store_path": "/nix/store/n98jxcs2cnj8flqzggg7b2vk9wnp1wpf-php-with-extensions-8.5.7"
        },
        "x86_64-linux": {
          "outputs": [
            {
              "name": "out",
              "path": "/nix/store/gf0ry1p0nmxmfahiwi8azjd54r04daaj-php-with-extensions-8.5.7",
              "default": true
            }
          ],
          "store_path": "/nix/store/gf0ry1p0nmxmfahiwi8azjd54r04daaj-php-with-extensions-8.5.7"
        }
      }
    },
    "sqlite@3": {
      "last_modified": "2026-07-05T19:27:47Z",
      "resolved": "github:NixOS/nixpkgs/f205b5574fd0cb7da5b702a2da51507b7f4fdd1b#sqlite",
      "source": "devbox-search",
      "version": "3.51.2",
      "systems": {
        "aarch64-darwin": {
          "outputs": [
            {
              "name": "bin",
              "path": "/nix/store/2zhw6fd6ywbb52x6qinm4mxy2r3yqs96-sqlite-3.51.2-bin",
              "default": true
            },
            {
              "name": "man",
              "path": "/nix/store/hk3kwvfyya740wpl20wfmykbhi1yb5bq-sqlite-3.51.2-man",
              "default": true
            },
            {
              "name": "dev",
              "path": "/nix/store/wz48hfmprz6rj15r3mkik0pbc21hz00m-sqlite-3.51.2-dev"
            },
            {
              "name": "doc",
              "path": "/nix/store/pdrg3dms698g9pdm5qzngmfzvbc921gk-sqlite-3.51.2-doc"
            },
            {
              "name": "out",
              "path": "/nix/store/57zg2mx587ycaihfbb3g6c6hiqns69lq-sqlite-3.51.2"
            }
          ],
          "store_path": "/nix/store/2zhw6fd6ywbb52x6qinm4mxy2r3yqs96-sqlite-3.51.2-bin"
        },
        "aarch64-linux": {
          "outputs": [
            {
              "name": "bin",
              "path": "/nix/store/0q7dvckjpkxn6b2ghv0z5r8pg5f04h1k-sqlite-3.51.2-bin",
              "default": true
            },
            {
              "name": "man",
              "path": "/nix/store/gfiml209wbg8aijshb51nb7wm00zmbir-sqlite-3.51.2-man",
              "default": true
            },
            {
              "name": "out",
              "path": "/nix/store/0n2lz1aqyzl1cvbm56xfsbqr7g09bh15-sqlite-3.51.2"
            },
            {
              "name": "debug",
              "path": "/nix/store/dkx8ip1brrxlpw88zl18c6vabh98xrs9-sqlite-3.51.2-debug"
            },
            {
              "name": "dev",
              "path": "/nix/store/6x6r8li10w1fby95vl0h7qsx2ii5jx0h-sqlite-3.51.2-dev"
            },
            {
              "name": "doc",
              "path": "/nix/store/yghbxhmd275z5m6g3wf9wpymas05gk6w-sqlite-3.51.2-doc"
            }
          ],
          "store_path": "/nix/store/0q7dvckjpkxn6b2ghv0z5r8pg5f04h1k-sqlite-3.51.2-bin"
        },
        "x86_64-darwin": {
          "outputs": [
            {
              "name": "bin",
              "path": "/nix/store/wcgi6hb6mff0462xk5aj5g0i3h782fg5-sqlite-3.51.2-bin",
              "default": true
            },
            {
              "name": "man",
              "path": "/nix/store/myp6mdrm6dknpv2k4gnp5kqq731pfkcx-sqlite-3.51.2-man",
              "default": true
            },
            {
              "name": "dev",
              "path": "/nix/store/z5vw6vjsqc8v98g8jbiknkr0lv9zycrx-sqlite-3.51.2-dev"
            },
            {
              "name": "doc",
              "path": "/nix/store/k5c0cnlnvf6mwdfzw1wk0qbzrpw9aspy-sqlite-3.51.2-doc"
            },
            {
              "name": "out",
              "path": "/nix/store/mlqlj466gd0zky527jh0qqk202ckygl8-sqlite-3.51.2"
            }
          ],
          "store_path": "/nix/store/wcgi6hb6mff0462xk5aj5g0i3h782fg5-sqlite-3.51.2-bin"
        },
        "x86_64-linux": {
          "outputs": [
            {
              "name": "bin",
              "path": "/nix/store/pfaam25wgs7ls2bfmq8mdqdmnhbk7j2f-sqlite-3.51.2-bin",
              "default": true
            },
            {
              "name": "man",
              "path": "/nix/store/qrn92zyagdcpyjrmfy9a9299iixhd3m3-sqlite-3.51.2-man",
              "default": true
            },
            {
              "name": "debug",
              "path": "/nix/store/73qmlc9bj29rnf2gi4fgkzwq4wjlxzmm-sqlite-3.51.2-debug"
            },
            {
              "name": "dev",
              "path": "/nix/store/w1cmsd5kg0jsj76cxj1vgfrsw3gk86yh-sqlite-3.51.2-dev"
            },
            {
              "name": "doc",
              "path": "/nix/store/8jd5p9j560vl89v3zm4ysm6lb7183vh0-sqlite-3.51.2-doc"
            },
            {
              "name": "out",
              "path": "/nix/store/12cm2m4pdfanj5li94hwxpdfzrfdfngj-sqlite-3.51.2"
            }
          ],
          "store_path": "/nix/store/pfaam25wgs7ls2bfmq8mdqdmnhbk7j2f-sqlite-3.51.2-bin"
        }
      }
    }
  }
}
